
Microsoft Visual Studio Solution File, Format Version 12.00
# Visual Studio 15
VisualStudioVersion = 15.0.28307.489
MinimumVisualStudioVersion = 10.0.40219.1
Project("{FAE04EC0-301F-11D3-BF4B-00C04F79EFBC}") = "ManagerCinema", "ManagerCinema\ManagerCinema.csproj", "{E57921E1-2784-4826-999F-FD8F5E26E1D2}"
EndProject
Global
	GlobalSection(SolutionConfigurationPlatforms) = preSolution
		Debug|Any CPU = Debug|Any CPU
		Release|Any CPU = Release|Any CPU
	EndGlobalSection
	GlobalSection(ProjectConfigurationPlatforms) = postSolution
		{E57921E1-2784-4826-999F-FD8F5E26E1D2}.Debug|Any CPU.ActiveCfg = Debug|Any CPU
		{E57921E1-2784-4826-999F-FD8F5E26E1D2}.Debug|Any CPU.Build.0 = Debug|Any CPU
		{E57921E1-2784-4826-999F-FD8F5E26E1D2}.Release|Any CPU.ActiveCfg = Release|Any CPU
		{E57921E1-2784-4826-999F-FD8F5E26E1D2}.Release|Any CPU.Build.0 = Release|Any CPU
	EndGlobalSection
	GlobalSection(SolutionProperties) = preSolution
		HideSolutionNode = FALSE
	EndGlobalSection
	GlobalSection(ExtensibilityGlobals) = postSolution
		SolutionGuid = {359008C1-423E-40D7-8E5F-94F31F41CE79}
	EndGlobalSection
EndGlobal
